// !$*UTF8*$!
{
	archiveVersion = 1;
	classes = {
	};
	objectVersion = 56;
	objects = {

/* Begin PBXBuildFile section */
		25F462D6BC5B46969A925519 = {
			isa = PBXBuildFile;
			fileRef = DB15C3EC0AE8409D867EEB05;
		};

		FA4A5456519641E3A0F1B9EA = {
			isa = PBXBuildFile;
			fileRef = A0DED76B232442DB8B1D1AB6;
		};

		4801CA38773A44ED833F6451 = {
			isa = PBXBuildFile;
			fileRef = 4341169A17BA4F1F8648E6F5;
		};
/* End PBXBuildFile section */

/* Begin PBXFileReference section */
		0072A2A8C456446C89EF25C7 = {
			isa = PBXFileReference;
			lastKnownFileType = wrapper.application;
			name = "Safari Cleaner.app";
			path = "Safari Cleaner.app";
			sourceTree = BUILT_PRODUCTS_DIR;
		};

		DB15C3EC0AE8409D867EEB05 = {
			isa = PBXFileReference;
			lastKnownFileType = sourcecode.swift;
			name = "AppDelegate.swift";
			path = "AppDelegate.swift";
			sourceTree = "<group>";
		};

		A0DED76B232442DB8B1D1AB6 = {
			isa = PBXFileReference;
			lastKnownFileType = sourcecode.swift;
			name = "ViewController.swift";
			path = "ViewController.swift";
			sourceTree = "<group>";
		};

		D0EE4C2DC9B6447C907F9C05 = {
			isa = PBXFileReference;
			lastKnownFileType = text.plist.xml;
			name = "Info.plist";
			path = "Info.plist";
			sourceTree = "<group>";
		};

		A1A2B5659A32493BBD879F80 = {
			isa = PBXFileReference;
			lastKnownFileType = text.plist.entitlements;
			name = "SafariCleaner.entitlements";
			path = "SafariCleaner.entitlements";
			sourceTree = "<group>";
		};

		4341169A17BA4F1F8648E6F5 = {
			isa = PBXFileReference;
			lastKnownFileType = folder.assetcatalog;
			name = "Assets.xcassets";
			path = "Assets.xcassets";
			sourceTree = "<group>";
		};

/* End PBXFileReference section */

/* Begin PBXFrameworksBuildPhase section */
		8C63DFB9091148F1A66AC16B = {
			isa = PBXFrameworksBuildPhase;
			buildActionMask = 2147483647;
			files = ();
			runOnlyForDeploymentPostprocessing = 0;
		};
/* End PBXFrameworksBuildPhase section */

/* Begin PBXGroup section */
		C8BF7B9DD51F4E1FBDB6DEEA = {
			isa = PBXGroup;
			children = (
				D198B395E6D447C7B63FD906,
				2491A66B6A1F4C24A42F768F,
			);
			sourceTree = "<group>";
		};
		2491A66B6A1F4C24A42F768F = {
			isa = PBXGroup;
			children = (
				0072A2A8C456446C89EF25C7,
			);
			name = Products;
			sourceTree = "<group>";
		};
		D198B395E6D447C7B63FD906 = {
			isa = PBXGroup;
			children = (
				DB15C3EC0AE8409D867EEB05,
				A0DED76B232442DB8B1D1AB6,
				4341169A17BA4F1F8648E6F5,
				D0EE4C2DC9B6447C907F9C05,
				A1A2B5659A32493BBD879F80,
			);
			name = "Safari Cleaner";
			path = "Safari Cleaner";
			sourceTree = "<group>";
		};
/* End PBXGroup section */

/* Begin PBXNativeTarget section */
		EF4AB8CACB574FD7AF732346 = {
			isa = PBXNativeTarget;
			buildConfigurationList = 59CB265008D242ACA963AA26;
			buildPhases = (
				B964050A4D924E2089107F28,
				09E3393640E74A44B86E4497,
				8C63DFB9091148F1A66AC16B,
			);
			buildRules = ();
			dependencies = ();
			name = "Safari Cleaner";
			productName = "Safari Cleaner";
			productReference = 0072A2A8C456446C89EF25C7;
			productType = "com.apple.product-type.application";
		};
/* End PBXNativeTarget section */

/* Begin PBXProject section */
		6317804A3DA045FDB21CC597 = {
			isa = PBXProject;
			attributes = {
				BuildIndependentTargetsInParallel = 1;
				LastSwiftUpdateCheck = 1500;
				LastUpgradeCheck = 1500;
				TargetAttributes = {
					EF4AB8CACB574FD7AF732346 = {
						CreatedOnToolsVersion = 15.0;
					};
				};
			};
			buildConfigurationList = A512DA0183B549779B3EC5BC;
			compatibilityVersion = "Xcode 14.0";
			developmentRegion = en;
			hasScannedForEncodings = 0;
			knownRegions = (
				en,
				Base,
			);
			mainGroup = C8BF7B9DD51F4E1FBDB6DEEA;
			productRefGroup = 2491A66B6A1F4C24A42F768F;
			projectDirPath = "";
			projectRoot = "";
			targets = (
				EF4AB8CACB574FD7AF732346,
			);
		};
/* End PBXProject section */

/* Begin PBXResourcesBuildPhase section */
		09E3393640E74A44B86E4497 = {
			isa = PBXResourcesBuildPhase;
			buildActionMask = 2147483647;
			files = (
				4801CA38773A44ED833F6451,
			);
			runOnlyForDeploymentPostprocessing = 0;
		};
/* End PBXResourcesBuildPhase section */

/* Begin PBXSourcesBuildPhase section */
		B964050A4D924E2089107F28 = {
			isa = PBXSourcesBuildPhase;
			buildActionMask = 2147483647;
			files = (
				25F462D6BC5B46969A925519,
				FA4A5456519641E3A0F1B9EA,
			);
			runOnlyForDeploymentPostprocessing = 0;
		};
/* End PBXSourcesBuildPhase section */

/* Begin XCBuildConfiguration section */
		C118800F10194F7B973D0BB4 = {
			isa = XCBuildConfiguration;
			buildSettings = {
				ALWAYS_SEARCH_USER_PATHS = NO;
				CLANG_ENABLE_MODULES = YES;
				COPY_PHASE_STRIP = NO;
				DEBUG_INFORMATION_FORMAT = dwarf;
				ENABLE_STRICT_OBJC_MSGSEND = YES;
				ENABLE_TESTABILITY = YES;
				GCC_DYNAMIC_NO_PIC = NO;
				GCC_OPTIMIZATION_LEVEL = 0;
				MACOSX_DEPLOYMENT_TARGET = 14.0;
				MTL_ENABLE_DEBUG_INFO = INCLUDE_SOURCE;
				ONLY_ACTIVE_ARCH = YES;
				SDKROOT = macosx;
				SWIFT_ACTIVE_COMPILATION_CONDITIONS = DEBUG;
				SWIFT_OPTIMIZATION_LEVEL = "-Onone";
			};
			name = Debug;
		};
		3B05BE2E77624C45A4FEF9F9 = {
			isa = XCBuildConfiguration;
			buildSettings = {
				ALWAYS_SEARCH_USER_PATHS = NO;
				CLANG_ENABLE_MODULES = YES;
				COPY_PHASE_STRIP = NO;
				DEBUG_INFORMATION_FORMAT = "dwarf-with-dsym";
				ENABLE_NS_ASSERTIONS = NO;
				ENABLE_STRICT_OBJC_MSGSEND = YES;
				MACOSX_DEPLOYMENT_TARGET = 14.0;
				MTL_ENABLE_DEBUG_INFO = NO;
				SDKROOT = macosx;
				SWIFT_OPTIMIZATION_LEVEL = "-Owholemodule";
			};
			name = Release;
		};
		8D0F51A1F5F94770852C3DA4 = {
			isa = XCBuildConfiguration;
			buildSettings = {
				ASSET_CATALOG_COMPILER_OPTIMIZATION = space;
				CODE_SIGN_ENTITLEMENTS = "Safari Cleaner/SafariCleaner.entitlements";
				CODE_SIGN_STYLE = Automatic;
				COMBINE_HIDPI_IMAGES = YES;
				DEVELOPMENT_TEAM = "";
				INFOPLIST_FILE = "Safari Cleaner/Info.plist";
				LD_RUNPATH_SEARCH_PATHS = "@executable_path/../Frameworks";
				MACOSX_DEPLOYMENT_TARGET = 14.0;
				PRODUCT_BUNDLE_IDENTIFIER = "com.alexv.safari-cleaner";
				PRODUCT_NAME = "$(TARGET_NAME)";
				SWIFT_VERSION = 5.0;
			};
			name = Debug;
		};
		1F09E163ABC6463DB06CF9CF = {
			isa = XCBuildConfiguration;
			buildSettings = {
				ASSET_CATALOG_COMPILER_OPTIMIZATION = space;
				CODE_SIGN_ENTITLEMENTS = "Safari Cleaner/SafariCleaner.entitlements";
				CODE_SIGN_STYLE = Automatic;
				COMBINE_HIDPI_IMAGES = YES;
				DEVELOPMENT_TEAM = "";
				INFOPLIST_FILE = "Safari Cleaner/Info.plist";
				LD_RUNPATH_SEARCH_PATHS = "@executable_path/../Frameworks";
				MACOSX_DEPLOYMENT_TARGET = 14.0;
				PRODUCT_BUNDLE_IDENTIFIER = "com.alexv.safari-cleaner";
				PRODUCT_NAME = "$(TARGET_NAME)";
				SWIFT_VERSION = 5.0;
			};
			name = Release;
		};
/* End XCBuildConfiguration section */

/* Begin XCConfigurationList section */
		A512DA0183B549779B3EC5BC = {
			isa = XCConfigurationList;
			buildConfigurations = (
				C118800F10194F7B973D0BB4,
				3B05BE2E77624C45A4FEF9F9,
			);
			defaultConfigurationIsVisible = 0;
			defaultConfigurationName = Release;
		};
		59CB265008D242ACA963AA26 = {
			isa = XCConfigurationList;
			buildConfigurations = (
				8D0F51A1F5F94770852C3DA4,
				1F09E163ABC6463DB06CF9CF,
			);
			defaultConfigurationIsVisible = 0;
			defaultConfigurationName = Release;
		};
/* End XCConfigurationList section */

	};
	rootObject = 6317804A3DA045FDB21CC597;
}
