// !$*UTF8*$!
{
	archiveVersion = 1;
	classes = {
	};
	objectVersion = 56;
	objects = {

/* Begin PBXBuildFile section */
		D8C9536DE35148C28B4CFD35 = {
			isa = PBXBuildFile;
			fileRef = 1C0C836CB1A640F9AC7968BD;
		};

		8196D1A5C7F94FA0BA87E244 = {
			isa = PBXBuildFile;
			fileRef = ECED70DA02B94A97A79E56EF;
		};

		55A45CD459C94957A9072B7F = {
			isa = PBXBuildFile;
			fileRef = 683CD2A1E9CF4A0FAC8DFA50;
		};

		9C3ADF7CE86342C98B3D7198 = {
			isa = PBXBuildFile;
			fileRef = E5BABC7BF8454ECBB274D91F;
		};

		D155ADD8254A4C65B2F8CC7F = {
			isa = PBXBuildFile;
			fileRef = B640A299940D46C6BE8EC440;
		};

		91A4E75D74F24DD399EA025E = {
			isa = PBXBuildFile;
			fileRef = 7A4A801E1FC64F3F9445D640;
		};

		0120314F99DF4B5D882C4AB6 = {
			isa = PBXBuildFile;
			fileRef = 27607B6BCB6B44F39028373D;
		};

		EE3BB615875A4E639D8C048A = {
			isa = PBXBuildFile;
			fileRef = E267205395DF49C494D299D5;
		};

		C751E0BF6E574120BD4EC270 = {
			isa = PBXBuildFile;
			fileRef = AEA6B37AF3EF4F14A5F8B2E4;
		};

		C7EBF021A2FC4A68A6D2F85B = {
			isa = PBXBuildFile;
			fileRef = E459875AD8C9414CBEE33914;
		};

		EB43D0EB469F4FDAAD7FC43B = {
			isa = PBXBuildFile;
			fileRef = 6039EE667A4A4291A3201D72;
		};

		9B20D28AFE0E4398A6D4DBB2 = {
			isa = PBXBuildFile;
			fileRef = 8D73577F4E484ED0B503454E;
			settings = {ATTRIBUTES = (RemoveHeadersOnCopy, ); };
		};
/* End PBXBuildFile section */

/* Begin PBXContainerItemProxy section */
		57655CE9007840438820CE13 = {
			isa = PBXContainerItemProxy;
			containerPortal = F7FB8F08CDFC4BF5A92DA0F8;
			proxyType = 1;
			remoteGlobalIDString = E676CE4FB1F645A693790BA4;
			remoteInfo = "Safari Swipe Extension";
		};
/* End PBXContainerItemProxy section */

/* Begin PBXCopyFilesBuildPhase section */
		3E33F60140924B83AB8FC139 = {
			isa = PBXCopyFilesBuildPhase;
			buildActionMask = 2147483647;
			dstPath = "";
			dstSubfolderSpec = 13;
			files = (
				9B20D28AFE0E4398A6D4DBB2,
			);
			name = "Embed Foundation Extensions";
			runOnlyForDeploymentPostprocessing = 0;
		};
/* End PBXCopyFilesBuildPhase section */

/* Begin PBXFileReference section */
		D20BFF8C55EE421D9F185D8F = {
			isa = PBXFileReference;
			lastKnownFileType = wrapper.application;
			name = "Safari Swipe.app";
			path = "Safari Swipe.app";
			sourceTree = BUILT_PRODUCTS_DIR;
		};

		8D73577F4E484ED0B503454E = {
			isa = PBXFileReference;
			lastKnownFileType = wrapper.app-extension;
			name = "Safari Swipe Extension.appex";
			path = "Safari Swipe Extension.appex";
			sourceTree = BUILT_PRODUCTS_DIR;
		};

		1C0C836CB1A640F9AC7968BD = {
			isa = PBXFileReference;
			lastKnownFileType = sourcecode.swift;
			name = "AppDelegate.swift";
			path = "AppDelegate.swift";
			sourceTree = "<group>";
		};

		ECED70DA02B94A97A79E56EF = {
			isa = PBXFileReference;
			lastKnownFileType = sourcecode.swift;
			name = "ViewController.swift";
			path = "ViewController.swift";
			sourceTree = "<group>";
		};

		BFEE636B814B42D39910F6BB = {
			isa = PBXFileReference;
			lastKnownFileType = text.plist.xml;
			name = "Info.plist";
			path = "Info.plist";
			sourceTree = "<group>";
		};

		CB9A2857FD8744F0837BE9AF = {
			isa = PBXFileReference;
			lastKnownFileType = text.plist.entitlements;
			name = "SafariSwipe.entitlements";
			path = "SafariSwipe.entitlements";
			sourceTree = "<group>";
		};

		E5BABC7BF8454ECBB274D91F = {
			isa = PBXFileReference;
			lastKnownFileType = folder.assetcatalog;
			name = "Assets.xcassets";
			path = "Assets.xcassets";
			sourceTree = "<group>";
		};

		683CD2A1E9CF4A0FAC8DFA50 = {
			isa = PBXFileReference;
			lastKnownFileType = sourcecode.swift;
			name = "SafariWebExtensionHandler.swift";
			path = "SafariWebExtensionHandler.swift";
			sourceTree = "<group>";
		};

		222D0E071CB04F3A84BAC68C = {
			isa = PBXFileReference;
			lastKnownFileType = text.plist.xml;
			name = "Info.plist";
			path = "Info.plist";
			sourceTree = "<group>";
		};

		CCF1FE660BC34DF4BED8C809 = {
			isa = PBXFileReference;
			lastKnownFileType = text.plist.entitlements;
			name = "SafariSwipeExtension.entitlements";
			path = "SafariSwipeExtension.entitlements";
			sourceTree = "<group>";
		};

		B640A299940D46C6BE8EC440 = {
			isa = PBXFileReference;
			lastKnownFileType = text.json;
			name = "manifest.json";
			path = "Resources/manifest.json";
			sourceTree = "<group>";
		};

		7A4A801E1FC64F3F9445D640 = {
			isa = PBXFileReference;
			lastKnownFileType = sourcecode.javascript;
			name = "background.js";
			path = "Resources/background.js";
			sourceTree = "<group>";
		};

		27607B6BCB6B44F39028373D = {
			isa = PBXFileReference;
			lastKnownFileType = sourcecode.javascript;
			name = "content.js";
			path = "Resources/content.js";
			sourceTree = "<group>";
		};

		E267205395DF49C494D299D5 = {
			isa = PBXFileReference;
			lastKnownFileType = image.png;
			name = "icon-48.png";
			path = "Resources/images/icon-48.png";
			sourceTree = "<group>";
		};

		AEA6B37AF3EF4F14A5F8B2E4 = {
			isa = PBXFileReference;
			lastKnownFileType = image.png;
			name = "icon-96.png";
			path = "Resources/images/icon-96.png";
			sourceTree = "<group>";
		};

		E459875AD8C9414CBEE33914 = {
			isa = PBXFileReference;
			lastKnownFileType = image.png;
			name = "icon-128.png";
			path = "Resources/images/icon-128.png";
			sourceTree = "<group>";
		};

		6039EE667A4A4291A3201D72 = {
			isa = PBXFileReference;
			lastKnownFileType = image.png;
			name = "icon-256.png";
			path = "Resources/images/icon-256.png";
			sourceTree = "<group>";
		};

/* End PBXFileReference section */

/* Begin PBXFrameworksBuildPhase section */
		C51C33DC44D14B379F99641E = {
			isa = PBXFrameworksBuildPhase;
			buildActionMask = 2147483647;
			files = ();
			runOnlyForDeploymentPostprocessing = 0;
		};
		822D73E61D8841A99BB2658D = {
			isa = PBXFrameworksBuildPhase;
			buildActionMask = 2147483647;
			files = ();
			runOnlyForDeploymentPostprocessing = 0;
		};
/* End PBXFrameworksBuildPhase section */

/* Begin PBXGroup section */
		FCCD80851FE446B0BFB4DF9F = {
			isa = PBXGroup;
			children = (
				ACF293143D204278B095C307,
				9FFECD2FC6AE4EB6A521A137,
				4E15CFE201664B5183FB29AE,
			);
			sourceTree = "<group>";
		};
		4E15CFE201664B5183FB29AE = {
			isa = PBXGroup;
			children = (
				D20BFF8C55EE421D9F185D8F,
				8D73577F4E484ED0B503454E,
			);
			name = Products;
			sourceTree = "<group>";
		};
		ACF293143D204278B095C307 = {
			isa = PBXGroup;
			children = (
				1C0C836CB1A640F9AC7968BD,
				ECED70DA02B94A97A79E56EF,
				E5BABC7BF8454ECBB274D91F,
				BFEE636B814B42D39910F6BB,
				CB9A2857FD8744F0837BE9AF,
			);
			name = "Safari Swipe";
			path = "Safari Swipe";
			sourceTree = "<group>";
		};
		9FFECD2FC6AE4EB6A521A137 = {
			isa = PBXGroup;
			children = (
				683CD2A1E9CF4A0FAC8DFA50,
				00C21358ACC143C1B78AA6B2,
				222D0E071CB04F3A84BAC68C,
				CCF1FE660BC34DF4BED8C809,
			);
			name = "Safari Swipe Extension";
			path = "Safari Swipe Extension";
			sourceTree = "<group>";
		};
		00C21358ACC143C1B78AA6B2 = {
			isa = PBXGroup;
			children = (
				B640A299940D46C6BE8EC440,
				7A4A801E1FC64F3F9445D640,
				27607B6BCB6B44F39028373D,
				E267205395DF49C494D299D5,
				AEA6B37AF3EF4F14A5F8B2E4,
				E459875AD8C9414CBEE33914,
				6039EE667A4A4291A3201D72,
			);
			name = Resources;
			sourceTree = "<group>";
		};
/* End PBXGroup section */

/* Begin PBXNativeTarget section */
		66FFF8E03BD74F879C8C37E4 = {
			isa = PBXNativeTarget;
			buildConfigurationList = 5E3E6956B28E48F5936EA574;
			buildPhases = (
				27ED9C6CD90D4152ADC56C25,
				419E8ECC0A6A452C8B559306,
				C51C33DC44D14B379F99641E,
				3E33F60140924B83AB8FC139,
			);
			buildRules = ();
			dependencies = (
				E4831C7C443747D89E3EC86E,
			);
			name = "Safari Swipe";
			productName = "Safari Swipe";
			productReference = D20BFF8C55EE421D9F185D8F;
			productType = "com.apple.product-type.application";
		};
		E676CE4FB1F645A693790BA4 = {
			isa = PBXNativeTarget;
			buildConfigurationList = B6E584284127434FB278A102;
			buildPhases = (
				D633421E082F4B478BB6E3DD,
				E3BB3295280D47A8A174FE5F,
				822D73E61D8841A99BB2658D,
			);
			buildRules = ();
			dependencies = ();
			name = "Safari Swipe Extension";
			productName = "Safari Swipe Extension";
			productReference = 8D73577F4E484ED0B503454E;
			productType = "com.apple.product-type.app-extension";
		};
/* End PBXNativeTarget section */

/* Begin PBXProject section */
		F7FB8F08CDFC4BF5A92DA0F8 = {
			isa = PBXProject;
			attributes = {
				BuildIndependentTargetsInParallel = 1;
				LastSwiftUpdateCheck = 1500;
				LastUpgradeCheck = 1500;
				TargetAttributes = {
					66FFF8E03BD74F879C8C37E4 = {
						CreatedOnToolsVersion = 15.0;
					};
					E676CE4FB1F645A693790BA4 = {
						CreatedOnToolsVersion = 15.0;
					};
				};
			};
			buildConfigurationList = 04D7531816B14A018EB32204;
			compatibilityVersion = "Xcode 14.0";
			developmentRegion = en;
			hasScannedForEncodings = 0;
			knownRegions = (
				en,
				Base,
			);
			mainGroup = FCCD80851FE446B0BFB4DF9F;
			productRefGroup = 4E15CFE201664B5183FB29AE;
			projectDirPath = "";
			projectRoot = "";
			targets = (
				66FFF8E03BD74F879C8C37E4,
				E676CE4FB1F645A693790BA4,
			);
		};
/* End PBXProject section */

/* Begin PBXResourcesBuildPhase section */
		419E8ECC0A6A452C8B559306 = {
			isa = PBXResourcesBuildPhase;
			buildActionMask = 2147483647;
			files = (
				9C3ADF7CE86342C98B3D7198,
			);
			runOnlyForDeploymentPostprocessing = 0;
		};
		E3BB3295280D47A8A174FE5F = {
			isa = PBXResourcesBuildPhase;
			buildActionMask = 2147483647;
			files = (
				D155ADD8254A4C65B2F8CC7F,
				91A4E75D74F24DD399EA025E,
				0120314F99DF4B5D882C4AB6,
				EE3BB615875A4E639D8C048A,
				C751E0BF6E574120BD4EC270,
				C7EBF021A2FC4A68A6D2F85B,
				EB43D0EB469F4FDAAD7FC43B,
			);
			runOnlyForDeploymentPostprocessing = 0;
		};
/* End PBXResourcesBuildPhase section */

/* Begin PBXSourcesBuildPhase section */
		27ED9C6CD90D4152ADC56C25 = {
			isa = PBXSourcesBuildPhase;
			buildActionMask = 2147483647;
			files = (
				D8C9536DE35148C28B4CFD35,
				8196D1A5C7F94FA0BA87E244,
			);
			runOnlyForDeploymentPostprocessing = 0;
		};
		D633421E082F4B478BB6E3DD = {
			isa = PBXSourcesBuildPhase;
			buildActionMask = 2147483647;
			files = (
				55A45CD459C94957A9072B7F,
			);
			runOnlyForDeploymentPostprocessing = 0;
		};
/* End PBXSourcesBuildPhase section */

/* Begin PBXTargetDependency section */
		E4831C7C443747D89E3EC86E = {
			isa = PBXTargetDependency;
			target = E676CE4FB1F645A693790BA4;
			targetProxy = 57655CE9007840438820CE13;
		};
/* End PBXTargetDependency section */

/* Begin XCBuildConfiguration section */
		A9214C2679424BA5A29C653A = {
			isa = XCBuildConfiguration;
			buildSettings = {
				ALWAYS_SEARCH_USER_PATHS = NO;
				CLANG_ENABLE_MODULES = YES;
				COPY_PHASE_STRIP = NO;
				DEBUG_INFORMATION_FORMAT = dwarf;
				ENABLE_STRICT_OBJC_MSGSEND = YES;
				ENABLE_TESTABILITY = YES;
				GCC_DYNAMIC_NO_PIC = NO;
				GCC_OPTIMIZATION_LEVEL = 0;
				MACOSX_DEPLOYMENT_TARGET = 14.0;
				MTL_ENABLE_DEBUG_INFO = INCLUDE_SOURCE;
				ONLY_ACTIVE_ARCH = YES;
				SDKROOT = macosx;
				SWIFT_ACTIVE_COMPILATION_CONDITIONS = DEBUG;
				SWIFT_OPTIMIZATION_LEVEL = "-Onone";
			};
			name = Debug;
		};
		19533D50E36B49D9A20C855D = {
			isa = XCBuildConfiguration;
			buildSettings = {
				ALWAYS_SEARCH_USER_PATHS = NO;
				CLANG_ENABLE_MODULES = YES;
				COPY_PHASE_STRIP = NO;
				DEBUG_INFORMATION_FORMAT = "dwarf-with-dsym";
				ENABLE_NS_ASSERTIONS = NO;
				ENABLE_STRICT_OBJC_MSGSEND = YES;
				MACOSX_DEPLOYMENT_TARGET = 14.0;
				MTL_ENABLE_DEBUG_INFO = NO;
				SDKROOT = macosx;
				SWIFT_OPTIMIZATION_LEVEL = "-Owholemodule";
			};
			name = Release;
		};
		0BE43C66CF3745B583FB8267 = {
			isa = XCBuildConfiguration;
			buildSettings = {
				ASSET_CATALOG_COMPILER_OPTIMIZATION = space;
				CODE_SIGN_ENTITLEMENTS = "Safari Swipe/SafariSwipe.entitlements";
				CODE_SIGN_STYLE = Automatic;
				COMBINE_HIDPI_IMAGES = YES;
				DEVELOPMENT_TEAM = "";
				INFOPLIST_FILE = "Safari Swipe/Info.plist";
				LD_RUNPATH_SEARCH_PATHS = "@executable_path/../Frameworks";
				MACOSX_DEPLOYMENT_TARGET = 14.0;
				PRODUCT_BUNDLE_IDENTIFIER = "com.alexv.safari-swipe";
				PRODUCT_NAME = "$(TARGET_NAME)";
				SWIFT_VERSION = 5.0;
			};
			name = Debug;
		};
		2FAC499566914FB187AF7F32 = {
			isa = XCBuildConfiguration;
			buildSettings = {
				ASSET_CATALOG_COMPILER_OPTIMIZATION = space;
				CODE_SIGN_ENTITLEMENTS = "Safari Swipe/SafariSwipe.entitlements";
				CODE_SIGN_STYLE = Automatic;
				COMBINE_HIDPI_IMAGES = YES;
				DEVELOPMENT_TEAM = "";
				INFOPLIST_FILE = "Safari Swipe/Info.plist";
				LD_RUNPATH_SEARCH_PATHS = "@executable_path/../Frameworks";
				MACOSX_DEPLOYMENT_TARGET = 14.0;
				PRODUCT_BUNDLE_IDENTIFIER = "com.alexv.safari-swipe";
				PRODUCT_NAME = "$(TARGET_NAME)";
				SWIFT_VERSION = 5.0;
			};
			name = Release;
		};
		765C6970621F452C8E404553 = {
			isa = XCBuildConfiguration;
			buildSettings = {
				CODE_SIGN_ENTITLEMENTS = "Safari Swipe Extension/SafariSwipeExtension.entitlements";
				CODE_SIGN_STYLE = Automatic;
				DEVELOPMENT_TEAM = "";
				INFOPLIST_FILE = "Safari Swipe Extension/Info.plist";
				LD_RUNPATH_SEARCH_PATHS = "@executable_path/../Frameworks";
				MACOSX_DEPLOYMENT_TARGET = 14.0;
				PRODUCT_BUNDLE_IDENTIFIER = "com.alexv.safari-swipe.Extension";
				PRODUCT_NAME = "$(TARGET_NAME)";
				SKIP_INSTALL = YES;
				SWIFT_VERSION = 5.0;
			};
			name = Debug;
		};
		1BEF570FCAF0435996543F44 = {
			isa = XCBuildConfiguration;
			buildSettings = {
				CODE_SIGN_ENTITLEMENTS = "Safari Swipe Extension/SafariSwipeExtension.entitlements";
				CODE_SIGN_STYLE = Automatic;
				DEVELOPMENT_TEAM = "";
				INFOPLIST_FILE = "Safari Swipe Extension/Info.plist";
				LD_RUNPATH_SEARCH_PATHS = "@executable_path/../Frameworks";
				MACOSX_DEPLOYMENT_TARGET = 14.0;
				PRODUCT_BUNDLE_IDENTIFIER = "com.alexv.safari-swipe.Extension";
				PRODUCT_NAME = "$(TARGET_NAME)";
				SKIP_INSTALL = YES;
				SWIFT_VERSION = 5.0;
			};
			name = Release;
		};
/* End XCBuildConfiguration section */

/* Begin XCConfigurationList section */
		04D7531816B14A018EB32204 = {
			isa = XCConfigurationList;
			buildConfigurations = (
				A9214C2679424BA5A29C653A,
				19533D50E36B49D9A20C855D,
			);
			defaultConfigurationIsVisible = 0;
			defaultConfigurationName = Release;
		};
		5E3E6956B28E48F5936EA574 = {
			isa = XCConfigurationList;
			buildConfigurations = (
				0BE43C66CF3745B583FB8267,
				2FAC499566914FB187AF7F32,
			);
			defaultConfigurationIsVisible = 0;
			defaultConfigurationName = Release;
		};
		B6E584284127434FB278A102 = {
			isa = XCConfigurationList;
			buildConfigurations = (
				765C6970621F452C8E404553,
				1BEF570FCAF0435996543F44,
			);
			defaultConfigurationIsVisible = 0;
			defaultConfigurationName = Release;
		};
/* End XCConfigurationList section */

	};
	rootObject = F7FB8F08CDFC4BF5A92DA0F8;
}
